
Microsoft Visual Studio Solution File, Format Version 12.00
# Visual Studio 2012
Project("{FAE04EC0-301F-11D3-BF4B-00C04F79EFBC}") = "ICGROUP.CAMPAIGN_MANAGER.WEB", "ICGROUP.CAMPAIGN_MANAGER\ICGROUP.CAMPAIGN_MANAGER.WEB.csproj", "{7E2F4E51-7417-4AEA-A763-07A16051494C}"
EndProject
Project("{FAE04EC0-301F-11D3-BF4B-00C04F79EFBC}") = "ICGROUP.CAMPAIGN_MANAGER.SERVICES", "ICGROUP.CAMPAIGN_MANAGER.SERVICES\ICGROUP.CAMPAIGN_MANAGER.SERVICES.csproj", "{1A9924C6-A869-4461-9ABD-0AABD0535214}"
EndProject
Project("{FAE04EC0-301F-11D3-BF4B-00C04F79EFBC}") = "ICGROUP.CAMPAIGN_MANAGER.COMMON", "ICGROUP.CAMPAIGN_MANAGER.COMMON\ICGROUP.CAMPAIGN_MANAGER.COMMON.csproj", "{168690A4-5C58-4C29-AC7B-08255CC812F5}"
EndProject
Project("{FAE04EC0-301F-11D3-BF4B-00C04F79EFBC}") = "ICGROUP.CAMPAIGN_MANAGER.BUSINESS", "ICGROUP.CAMPAIGN_MANAGER.BUSINESS\ICGROUP.CAMPAIGN_MANAGER.BUSINESS.csproj", "{1A51A354-A482-4AD3-B406-125224AE3712}"
EndProject
Project("{FAE04EC0-301F-11D3-BF4B-00C04F79EFBC}") = "ICGROUP.CAMPAIGN_MANAGER.DATA", "ICGROUP.CAMPAIGN_MANAGER.DATA\ICGROUP.CAMPAIGN_MANAGER.DATA.csproj", "{21D66672-E10F-4B61-A5B1-F98ACD83A513}"
EndProject
Global
	GlobalSection(SolutionConfigurationPlatforms) = preSolution
		Debug|Any CPU = Debug|Any CPU
		Release|Any CPU = Release|Any CPU
	EndGlobalSection
	GlobalSection(ProjectConfigurationPlatforms) = postSolution
		{7E2F4E51-7417-4AEA-A763-07A16051494C}.Debug|Any CPU.ActiveCfg = Debug|Any CPU
		{7E2F4E51-7417-4AEA-A763-07A16051494C}.Debug|Any CPU.Build.0 = Debug|Any CPU
		{7E2F4E51-7417-4AEA-A763-07A16051494C}.Release|Any CPU.ActiveCfg = Release|Any CPU
		{7E2F4E51-7417-4AEA-A763-07A16051494C}.Release|Any CPU.Build.0 = Release|Any CPU
		{1A9924C6-A869-4461-9ABD-0AABD0535214}.Debug|Any CPU.ActiveCfg = Debug|Any CPU
		{1A9924C6-A869-4461-9ABD-0AABD0535214}.Debug|Any CPU.Build.0 = Debug|Any CPU
		{1A9924C6-A869-4461-9ABD-0AABD0535214}.Release|Any CPU.ActiveCfg = Release|Any CPU
		{1A9924C6-A869-4461-9ABD-0AABD0535214}.Release|Any CPU.Build.0 = Release|Any CPU
		{168690A4-5C58-4C29-AC7B-08255CC812F5}.Debug|Any CPU.ActiveCfg = Debug|Any CPU
		{168690A4-5C58-4C29-AC7B-08255CC812F5}.Debug|Any CPU.Build.0 = Debug|Any CPU
		{168690A4-5C58-4C29-AC7B-08255CC812F5}.Release|Any CPU.ActiveCfg = Release|Any CPU
		{168690A4-5C58-4C29-AC7B-08255CC812F5}.Release|Any CPU.Build.0 = Release|Any CPU
		{1A51A354-A482-4AD3-B406-125224AE3712}.Debug|Any CPU.ActiveCfg = Debug|Any CPU
		{1A51A354-A482-4AD3-B406-125224AE3712}.Debug|Any CPU.Build.0 = Debug|Any CPU
		{1A51A354-A482-4AD3-B406-125224AE3712}.Release|Any CPU.ActiveCfg = Release|Any CPU
		{1A51A354-A482-4AD3-B406-125224AE3712}.Release|Any CPU.Build.0 = Release|Any CPU
		{21D66672-E10F-4B61-A5B1-F98ACD83A513}.Debug|Any CPU.ActiveCfg = Debug|Any CPU
		{21D66672-E10F-4B61-A5B1-F98ACD83A513}.Debug|Any CPU.Build.0 = Debug|Any CPU
		{21D66672-E10F-4B61-A5B1-F98ACD83A513}.Release|Any CPU.ActiveCfg = Release|Any CPU
		{21D66672-E10F-4B61-A5B1-F98ACD83A513}.Release|Any CPU.Build.0 = Release|Any CPU
	EndGlobalSection
	GlobalSection(SolutionProperties) = preSolution
		HideSolutionNode = FALSE
	EndGlobalSection
EndGlobal
